
Microsoft Visual Studio Solution File, Format Version 12.00
# Visual Studio Version 16
VisualStudioVersion = 16.0.29009.5
MinimumVisualStudioVersion = 10.0.40219.1
Project("{9A19103F-16F7-4668-BE54-9A1E7A4F7556}") = "Camelotia.Services", "Camelotia.Services\Camelotia.Services.csproj", "{283B8F56-AB9F-4556-AB93-AAC54171841C}"
EndProject
Project("{9A19103F-16F7-4668-BE54-9A1E7A4F7556}") = "Camelotia.Presentation", "Camelotia.Presentation\Camelotia.Presentation.csproj", "{777FBFA6-ECFA-42F5-AC5F-EFC4B2D4AE6B}"
EndProject
Project("{9A19103F-16F7-4668-BE54-9A1E7A4F7556}") = "Camelotia.Presentation.Avalonia", "Camelotia.Presentation.Avalonia\Camelotia.Presentation.Avalonia.csproj", "{557CB17D-8989-48E5-82FD-3C2106EE4BAE}"
EndProject
Project("{FAE04EC0-301F-11D3-BF4B-00C04F79EFBC}") = "Camelotia.Presentation.Uwp", "Camelotia.Presentation.Uwp\Camelotia.Presentation.Uwp.csproj", "{359DA275-5214-457A-887D-DDBD9763667B}"
EndProject
Project("{FAE04EC0-301F-11D3-BF4B-00C04F79EFBC}") = "Camelotia.Presentation.Xamarin.Droid", "Camelotia.Presentation.Xamarin.Android\Camelotia.Presentation.Xamarin.Droid.csproj", "{24CE3C36-16B9-426D-AA0C-5961ECF8D88C}"
EndProject
Project("{9A19103F-16F7-4668-BE54-9A1E7A4F7556}") = "Camelotia.Presentation.Xamarin", "Camelotia.Presentation.Xamarin\Camelotia.Presentation.Xamarin.csproj", "{F019715C-675A-463B-AF36-58585F6FA7DF}"
EndProject
Project("{9A19103F-16F7-4668-BE54-9A1E7A4F7556}") = "Camelotia.Presentation.Wpf", "Camelotia.Presentation.Wpf\Camelotia.Presentation.Wpf.csproj", "{E9EEEBF4-5F8D-480C-BD0A-9E5801189424}"
EndProject
Project("{9A19103F-16F7-4668-BE54-9A1E7A4F7556}") = "Camelotia.Tests", "Camelotia.Tests\Camelotia.Tests.csproj", "{0869C002-DBF9-4940-A9D4-43E9A4F52B8C}"
EndProject
Project("{9A19103F-16F7-4668-BE54-9A1E7A4F7556}") = "build", "..\build\build.csproj", "{10121D05-E59D-4DE0-B65B-0CB78850C932}"
EndProject
Global
	GlobalSection(SolutionConfigurationPlatforms) = preSolution
		Debug|Any CPU = Debug|Any CPU
		Debug|ARM = Debug|ARM
		Debug|ARM64 = Debug|ARM64
		Debug|x64 = Debug|x64
		Debug|x86 = Debug|x86
		Release|Any CPU = Release|Any CPU
		Release|ARM = Release|ARM
		Release|ARM64 = Release|ARM64
		Release|x64 = Release|x64
		Release|x86 = Release|x86
	EndGlobalSection
	GlobalSection(ProjectConfigurationPlatforms) = postSolution
		{283B8F56-AB9F-4556-AB93-AAC54171841C}.Debug|Any CPU.ActiveCfg = Debug|Any CPU
		{283B8F56-AB9F-4556-AB93-AAC54171841C}.Debug|Any CPU.Build.0 = Debug|Any CPU
		{283B8F56-AB9F-4556-AB93-AAC54171841C}.Debug|ARM.ActiveCfg = Debug|Any CPU
		{283B8F56-AB9F-4556-AB93-AAC54171841C}.Debug|ARM.Build.0 = Debug|Any CPU
		{283B8F56-AB9F-4556-AB93-AAC54171841C}.Debug|ARM64.ActiveCfg = Debug|Any CPU
		{283B8F56-AB9F-4556-AB93-AAC54171841C}.Debug|ARM64.Build.0 = Debug|Any CPU
		{283B8F56-AB9F-4556-AB93-AAC54171841C}.Debug|x64.ActiveCfg = Debug|Any CPU
		{283B8F56-AB9F-4556-AB93-AAC54171841C}.Debug|x64.Build.0 = Debug|Any CPU
		{283B8F56-AB9F-4556-AB93-AAC54171841C}.Debug|x86.ActiveCfg = Debug|Any CPU
		{283B8F56-AB9F-4556-AB93-AAC54171841C}.Debug|x86.Build.0 = Debug|Any CPU
		{283B8F56-AB9F-4556-AB93-AAC54171841C}.Release|Any CPU.ActiveCfg = Release|Any CPU
		{283B8F56-AB9F-4556-AB93-AAC54171841C}.Release|Any CPU.Build.0 = Release|Any CPU
		{283B8F56-AB9F-4556-AB93-AAC54171841C}.Release|ARM.ActiveCfg = Release|Any CPU
		{283B8F56-AB9F-4556-AB93-AAC54171841C}.Release|ARM.Build.0 = Release|Any CPU
		{283B8F56-AB9F-4556-AB93-AAC54171841C}.Release|ARM64.ActiveCfg = Release|Any CPU
		{283B8F56-AB9F-4556-AB93-AAC54171841C}.Release|ARM64.Build.0 = Release|Any CPU
		{283B8F56-AB9F-4556-AB93-AAC54171841C}.Release|x64.ActiveCfg = Release|Any CPU
		{283B8F56-AB9F-4556-AB93-AAC54171841C}.Release|x64.Build.0 = Release|Any CPU
		{283B8F56-AB9F-4556-AB93-AAC54171841C}.Release|x86.ActiveCfg = Release|Any CPU
		{283B8F56-AB9F-4556-AB93-AAC54171841C}.Release|x86.Build.0 = Release|Any CPU
		{777FBFA6-ECFA-42F5-AC5F-EFC4B2D4AE6B}.Debug|Any CPU.ActiveCfg = Debug|Any CPU
		{777FBFA6-ECFA-42F5-AC5F-EFC4B2D4AE6B}.Debug|Any CPU.Build.0 = Debug|Any CPU
		{777FBFA6-ECFA-42F5-AC5F-EFC4B2D4AE6B}.Debug|ARM.ActiveCfg = Debug|Any CPU
		{777FBFA6-ECFA-42F5-AC5F-EFC4B2D4AE6B}.Debug|ARM.Build.0 = Debug|Any CPU
		{777FBFA6-ECFA-42F5-AC5F-EFC4B2D4AE6B}.Debug|ARM64.ActiveCfg = Debug|Any CPU
		{777FBFA6-ECFA-42F5-AC5F-EFC4B2D4AE6B}.Debug|ARM64.Build.0 = Debug|Any CPU
		{777FBFA6-ECFA-42F5-AC5F-EFC4B2D4AE6B}.Debug|x64.ActiveCfg = Debug|Any CPU
		{777FBFA6-ECFA-42F5-AC5F-EFC4B2D4AE6B}.Debug|x64.Build.0 = Debug|Any CPU
		{777FBFA6-ECFA-42F5-AC5F-EFC4B2D4AE6B}.Debug|x86.ActiveCfg = Debug|Any CPU
		{777FBFA6-ECFA-42F5-AC5F-EFC4B2D4AE6B}.Debug|x86.Build.0 = Debug|Any CPU
		{777FBFA6-ECFA-42F5-AC5F-EFC4B2D4AE6B}.Release|Any CPU.ActiveCfg = Release|Any CPU
		{777FBFA6-ECFA-42F5-AC5F-EFC4B2D4AE6B}.Release|Any CPU.Build.0 = Release|Any CPU
		{777FBFA6-ECFA-42F5-AC5F-EFC4B2D4AE6B}.Release|ARM.ActiveCfg = Release|Any CPU
		{777FBFA6-ECFA-42F5-AC5F-EFC4B2D4AE6B}.Release|ARM.Build.0 = Release|Any CPU
		{777FBFA6-ECFA-42F5-AC5F-EFC4B2D4AE6B}.Release|ARM64.ActiveCfg = Release|Any CPU
		{777FBFA6-ECFA-42F5-AC5F-EFC4B2D4AE6B}.Release|ARM64.Build.0 = Release|Any CPU
		{777FBFA6-ECFA-42F5-AC5F-EFC4B2D4AE6B}.Release|x64.ActiveCfg = Release|Any CPU
		{777FBFA6-ECFA-42F5-AC5F-EFC4B2D4AE6B}.Release|x64.Build.0 = Release|Any CPU
		{777FBFA6-ECFA-42F5-AC5F-EFC4B2D4AE6B}.Release|x86.ActiveCfg = Release|Any CPU
		{777FBFA6-ECFA-42F5-AC5F-EFC4B2D4AE6B}.Release|x86.Build.0 = Release|Any CPU
		{557CB17D-8989-48E5-82FD-3C2106EE4BAE}.Debug|Any CPU.ActiveCfg = Debug|Any CPU
		{557CB17D-8989-48E5-82FD-3C2106EE4BAE}.Debug|Any CPU.Build.0 = Debug|Any CPU
		{557CB17D-8989-48E5-82FD-3C2106EE4BAE}.Debug|ARM.ActiveCfg = Debug|Any CPU
		{557CB17D-8989-48E5-82FD-3C2106EE4BAE}.Debug|ARM.Build.0 = Debug|Any CPU
		{557CB17D-8989-48E5-82FD-3C2106EE4BAE}.Debug|ARM64.ActiveCfg = Debug|Any CPU
		{557CB17D-8989-48E5-82FD-3C2106EE4BAE}.Debug|ARM64.Build.0 = Debug|Any CPU
		{557CB17D-8989-48E5-82FD-3C2106EE4BAE}.Debug|x64.ActiveCfg = Debug|Any CPU
		{557CB17D-8989-48E5-82FD-3C2106EE4BAE}.Debug|x64.Build.0 = Debug|Any CPU
		{557CB17D-8989-48E5-82FD-3C2106EE4BAE}.Debug|x86.ActiveCfg = Debug|Any CPU
		{557CB17D-8989-48E5-82FD-3C2106EE4BAE}.Debug|x86.Build.0 = Debug|Any CPU
		{557CB17D-8989-48E5-82FD-3C2106EE4BAE}.Release|Any CPU.ActiveCfg = Release|Any CPU
		{557CB17D-8989-48E5-82FD-3C2106EE4BAE}.Release|Any CPU.Build.0 = Release|Any CPU
		{557CB17D-8989-48E5-82FD-3C2106EE4BAE}.Release|ARM.ActiveCfg = Release|Any CPU
		{557CB17D-8989-48E5-82FD-3C2106EE4BAE}.Release|ARM.Build.0 = Release|Any CPU
		{557CB17D-8989-48E5-82FD-3C2106EE4BAE}.Release|ARM64.ActiveCfg = Release|Any CPU
		{557CB17D-8989-48E5-82FD-3C2106EE4BAE}.Release|ARM64.Build.0 = Release|Any CPU
		{557CB17D-8989-48E5-82FD-3C2106EE4BAE}.Release|x64.ActiveCfg = Release|Any CPU
		{557CB17D-8989-48E5-82FD-3C2106EE4BAE}.Release|x64.Build.0 = Release|Any CPU
		{557CB17D-8989-48E5-82FD-3C2106EE4BAE}.Release|x86.ActiveCfg = Release|Any CPU
		{557CB17D-8989-48E5-82FD-3C2106EE4BAE}.Release|x86.Build.0 = Release|Any CPU
		{359DA275-5214-457A-887D-DDBD9763667B}.Debug|Any CPU.ActiveCfg = Debug|x86
		{359DA275-5214-457A-887D-DDBD9763667B}.Debug|ARM.ActiveCfg = Debug|ARM
		{359DA275-5214-457A-887D-DDBD9763667B}.Debug|ARM.Build.0 = Debug|ARM
		{359DA275-5214-457A-887D-DDBD9763667B}.Debug|ARM.Deploy.0 = Debug|ARM
		{359DA275-5214-457A-887D-DDBD9763667B}.Debug|ARM64.ActiveCfg = Debug|ARM64
		{359DA275-5214-457A-887D-DDBD9763667B}.Debug|ARM64.Build.0 = Debug|ARM64
		{359DA275-5214-457A-887D-DDBD9763667B}.Debug|ARM64.Deploy.0 = Debug|ARM64
		{359DA275-5214-457A-887D-DDBD9763667B}.Debug|x64.ActiveCfg = Debug|x64
		{359DA275-5214-457A-887D-DDBD9763667B}.Debug|x64.Build.0 = Debug|x64
		{359DA275-5214-457A-887D-DDBD9763667B}.Debug|x64.Deploy.0 = Debug|x64
		{359DA275-5214-457A-887D-DDBD9763667B}.Debug|x86.ActiveCfg = Debug|x86
		{359DA275-5214-457A-887D-DDBD9763667B}.Debug|x86.Build.0 = Debug|x86
		{359DA275-5214-457A-887D-DDBD9763667B}.Debug|x86.Deploy.0 = Debug|x86
		{359DA275-5214-457A-887D-DDBD9763667B}.Release|Any CPU.ActiveCfg = Release|x86
		{359DA275-5214-457A-887D-DDBD9763667B}.Release|ARM.ActiveCfg = Release|ARM
		{359DA275-5214-457A-887D-DDBD9763667B}.Release|ARM.Build.0 = Release|ARM
		{359DA275-5214-457A-887D-DDBD9763667B}.Release|ARM.Deploy.0 = Release|ARM
		{359DA275-5214-457A-887D-DDBD9763667B}.Release|ARM64.ActiveCfg = Release|ARM64
		{359DA275-5214-457A-887D-DDBD9763667B}.Release|ARM64.Build.0 = Release|ARM64
		{359DA275-5214-457A-887D-DDBD9763667B}.Release|ARM64.Deploy.0 = Release|ARM64
		{359DA275-5214-457A-887D-DDBD9763667B}.Release|x64.ActiveCfg = Release|x64
		{359DA275-5214-457A-887D-DDBD9763667B}.Release|x64.Build.0 = Release|x64
		{359DA275-5214-457A-887D-DDBD9763667B}.Release|x64.Deploy.0 = Release|x64
		{359DA275-5214-457A-887D-DDBD9763667B}.Release|x86.ActiveCfg = Release|x86
		{359DA275-5214-457A-887D-DDBD9763667B}.Release|x86.Build.0 = Release|x86
		{359DA275-5214-457A-887D-DDBD9763667B}.Release|x86.Deploy.0 = Release|x86
		{24CE3C36-16B9-426D-AA0C-5961ECF8D88C}.Debug|Any CPU.ActiveCfg = Debug|Any CPU
		{24CE3C36-16B9-426D-AA0C-5961ECF8D88C}.Debug|Any CPU.Build.0 = Debug|Any CPU
		{24CE3C36-16B9-426D-AA0C-5961ECF8D88C}.Debug|Any CPU.Deploy.0 = Debug|Any CPU
		{24CE3C36-16B9-426D-AA0C-5961ECF8D88C}.Debug|ARM.ActiveCfg = Debug|Any CPU
		{24CE3C36-16B9-426D-AA0C-5961ECF8D88C}.Debug|ARM.Build.0 = Debug|Any CPU
		{24CE3C36-16B9-426D-AA0C-5961ECF8D88C}.Debug|ARM.Deploy.0 = Debug|Any CPU
		{24CE3C36-16B9-426D-AA0C-5961ECF8D88C}.Debug|ARM64.ActiveCfg = Debug|Any CPU
		{24CE3C36-16B9-426D-AA0C-5961ECF8D88C}.Debug|ARM64.Build.0 = Debug|Any CPU
		{24CE3C36-16B9-426D-AA0C-5961ECF8D88C}.Debug|ARM64.Deploy.0 = Debug|Any CPU
		{24CE3C36-16B9-426D-AA0C-5961ECF8D88C}.Debug|x64.ActiveCfg = Debug|Any CPU
		{24CE3C36-16B9-426D-AA0C-5961ECF8D88C}.Debug|x64.Build.0 = Debug|Any CPU
		{24CE3C36-16B9-426D-AA0C-5961ECF8D88C}.Debug|x64.Deploy.0 = Debug|Any CPU
		{24CE3C36-16B9-426D-AA0C-5961ECF8D88C}.Debug|x86.ActiveCfg = Debug|Any CPU
		{24CE3C36-16B9-426D-AA0C-5961ECF8D88C}.Debug|x86.Build.0 = Debug|Any CPU
		{24CE3C36-16B9-426D-AA0C-5961ECF8D88C}.Debug|x86.Deploy.0 = Debug|Any CPU
		{24CE3C36-16B9-426D-AA0C-5961ECF8D88C}.Release|Any CPU.ActiveCfg = Release|Any CPU
		{24CE3C36-16B9-426D-AA0C-5961ECF8D88C}.Release|Any CPU.Build.0 = Release|Any CPU
		{24CE3C36-16B9-426D-AA0C-5961ECF8D88C}.Release|Any CPU.Deploy.0 = Release|Any CPU
		{24CE3C36-16B9-426D-AA0C-5961ECF8D88C}.Release|ARM.ActiveCfg = Release|Any CPU
		{24CE3C36-16B9-426D-AA0C-5961ECF8D88C}.Release|ARM.Build.0 = Release|Any CPU
		{24CE3C36-16B9-426D-AA0C-5961ECF8D88C}.Release|ARM.Deploy.0 = Release|Any CPU
		{24CE3C36-16B9-426D-AA0C-5961ECF8D88C}.Release|ARM64.ActiveCfg = Release|Any CPU
		{24CE3C36-16B9-426D-AA0C-5961ECF8D88C}.Release|ARM64.Build.0 = Release|Any CPU
		{24CE3C36-16B9-426D-AA0C-5961ECF8D88C}.Release|ARM64.Deploy.0 = Release|Any CPU
		{24CE3C36-16B9-426D-AA0C-5961ECF8D88C}.Release|x64.ActiveCfg = Release|Any CPU
		{24CE3C36-16B9-426D-AA0C-5961ECF8D88C}.Release|x64.Build.0 = Release|Any CPU
		{24CE3C36-16B9-426D-AA0C-5961ECF8D88C}.Release|x64.Deploy.0 = Release|Any CPU
		{24CE3C36-16B9-426D-AA0C-5961ECF8D88C}.Release|x86.ActiveCfg = Release|Any CPU
		{24CE3C36-16B9-426D-AA0C-5961ECF8D88C}.Release|x86.Build.0 = Release|Any CPU
		{24CE3C36-16B9-426D-AA0C-5961ECF8D88C}.Release|x86.Deploy.0 = Release|Any CPU
		{F019715C-675A-463B-AF36-58585F6FA7DF}.Debug|Any CPU.ActiveCfg = Debug|Any CPU
		{F019715C-675A-463B-AF36-58585F6FA7DF}.Debug|Any CPU.Build.0 = Debug|Any CPU
		{F019715C-675A-463B-AF36-58585F6FA7DF}.Debug|ARM.ActiveCfg = Debug|Any CPU
		{F019715C-675A-463B-AF36-58585F6FA7DF}.Debug|ARM.Build.0 = Debug|Any CPU
		{F019715C-675A-463B-AF36-58585F6FA7DF}.Debug|ARM64.ActiveCfg = Debug|Any CPU
		{F019715C-675A-463B-AF36-58585F6FA7DF}.Debug|ARM64.Build.0 = Debug|Any CPU
		{F019715C-675A-463B-AF36-58585F6FA7DF}.Debug|x64.ActiveCfg = Debug|Any CPU
		{F019715C-675A-463B-AF36-58585F6FA7DF}.Debug|x64.Build.0 = Debug|Any CPU
		{F019715C-675A-463B-AF36-58585F6FA7DF}.Debug|x86.ActiveCfg = Debug|Any CPU
		{F019715C-675A-463B-AF36-58585F6FA7DF}.Debug|x86.Build.0 = Debug|Any CPU
		{F019715C-675A-463B-AF36-58585F6FA7DF}.Release|Any CPU.ActiveCfg = Release|Any CPU
		{F019715C-675A-463B-AF36-58585F6FA7DF}.Release|Any CPU.Build.0 = Release|Any CPU
		{F019715C-675A-463B-AF36-58585F6FA7DF}.Release|ARM.ActiveCfg = Release|Any CPU
		{F019715C-675A-463B-AF36-58585F6FA7DF}.Release|ARM.Build.0 = Release|Any CPU
		{F019715C-675A-463B-AF36-58585F6FA7DF}.Release|ARM64.ActiveCfg = Release|Any CPU
		{F019715C-675A-463B-AF36-58585F6FA7DF}.Release|ARM64.Build.0 = Release|Any CPU
		{F019715C-675A-463B-AF36-58585F6FA7DF}.Release|x64.ActiveCfg = Release|Any CPU
		{F019715C-675A-463B-AF36-58585F6FA7DF}.Release|x64.Build.0 = Release|Any CPU
		{F019715C-675A-463B-AF36-58585F6FA7DF}.Release|x86.ActiveCfg = Release|Any CPU
		{F019715C-675A-463B-AF36-58585F6FA7DF}.Release|x86.Build.0 = Release|Any CPU
		{E9EEEBF4-5F8D-480C-BD0A-9E5801189424}.Debug|Any CPU.ActiveCfg = Debug|Any CPU
		{E9EEEBF4-5F8D-480C-BD0A-9E5801189424}.Debug|Any CPU.Build.0 = Debug|Any CPU
		{E9EEEBF4-5F8D-480C-BD0A-9E5801189424}.Debug|ARM.ActiveCfg = Debug|Any CPU
		{E9EEEBF4-5F8D-480C-BD0A-9E5801189424}.Debug|ARM.Build.0 = Debug|Any CPU
		{E9EEEBF4-5F8D-480C-BD0A-9E5801189424}.Debug|ARM64.ActiveCfg = Debug|Any CPU
		{E9EEEBF4-5F8D-480C-BD0A-9E5801189424}.Debug|ARM64.Build.0 = Debug|Any CPU
		{E9EEEBF4-5F8D-480C-BD0A-9E5801189424}.Debug|x64.ActiveCfg = Debug|Any CPU
		{E9EEEBF4-5F8D-480C-BD0A-9E5801189424}.Debug|x64.Build.0 = Debug|Any CPU
		{E9EEEBF4-5F8D-480C-BD0A-9E5801189424}.Debug|x86.ActiveCfg = Debug|Any CPU
		{E9EEEBF4-5F8D-480C-BD0A-9E5801189424}.Debug|x86.Build.0 = Debug|Any CPU
		{E9EEEBF4-5F8D-480C-BD0A-9E5801189424}.Release|Any CPU.ActiveCfg = Release|Any CPU
		{E9EEEBF4-5F8D-480C-BD0A-9E5801189424}.Release|Any CPU.Build.0 = Release|Any CPU
		{E9EEEBF4-5F8D-480C-BD0A-9E5801189424}.Release|ARM.ActiveCfg = Release|Any CPU
		{E9EEEBF4-5F8D-480C-BD0A-9E5801189424}.Release|ARM.Build.0 = Release|Any CPU
		{E9EEEBF4-5F8D-480C-BD0A-9E5801189424}.Release|ARM64.ActiveCfg = Release|Any CPU
		{E9EEEBF4-5F8D-480C-BD0A-9E5801189424}.Release|ARM64.Build.0 = Release|Any CPU
		{E9EEEBF4-5F8D-480C-BD0A-9E5801189424}.Release|x64.ActiveCfg = Release|Any CPU
		{E9EEEBF4-5F8D-480C-BD0A-9E5801189424}.Release|x64.Build.0 = Release|Any CPU
		{E9EEEBF4-5F8D-480C-BD0A-9E5801189424}.Release|x86.ActiveCfg = Release|Any CPU
		{E9EEEBF4-5F8D-480C-BD0A-9E5801189424}.Release|x86.Build.0 = Release|Any CPU
		{0869C002-DBF9-4940-A9D4-43E9A4F52B8C}.Debug|Any CPU.ActiveCfg = Debug|Any CPU
		{0869C002-DBF9-4940-A9D4-43E9A4F52B8C}.Debug|Any CPU.Build.0 = Debug|Any CPU
		{0869C002-DBF9-4940-A9D4-43E9A4F52B8C}.Debug|ARM.ActiveCfg = Debug|Any CPU
		{0869C002-DBF9-4940-A9D4-43E9A4F52B8C}.Debug|ARM.Build.0 = Debug|Any CPU
		{0869C002-DBF9-4940-A9D4-43E9A4F52B8C}.Debug|ARM64.ActiveCfg = Debug|Any CPU
		{0869C002-DBF9-4940-A9D4-43E9A4F52B8C}.Debug|ARM64.Build.0 = Debug|Any CPU
		{0869C002-DBF9-4940-A9D4-43E9A4F52B8C}.Debug|x64.ActiveCfg = Debug|Any CPU
		{0869C002-DBF9-4940-A9D4-43E9A4F52B8C}.Debug|x64.Build.0 = Debug|Any CPU
		{0869C002-DBF9-4940-A9D4-43E9A4F52B8C}.Debug|x86.ActiveCfg = Debug|Any CPU
		{0869C002-DBF9-4940-A9D4-43E9A4F52B8C}.Debug|x86.Build.0 = Debug|Any CPU
		{0869C002-DBF9-4940-A9D4-43E9A4F52B8C}.Release|Any CPU.ActiveCfg = Release|Any CPU
		{0869C002-DBF9-4940-A9D4-43E9A4F52B8C}.Release|Any CPU.Build.0 = Release|Any CPU
		{0869C002-DBF9-4940-A9D4-43E9A4F52B8C}.Release|ARM.ActiveCfg = Release|Any CPU
		{0869C002-DBF9-4940-A9D4-43E9A4F52B8C}.Release|ARM.Build.0 = Release|Any CPU
		{0869C002-DBF9-4940-A9D4-43E9A4F52B8C}.Release|ARM64.ActiveCfg = Release|Any CPU
		{0869C002-DBF9-4940-A9D4-43E9A4F52B8C}.Release|ARM64.Build.0 = Release|Any CPU
		{0869C002-DBF9-4940-A9D4-43E9A4F52B8C}.Release|x64.ActiveCfg = Release|Any CPU
		{0869C002-DBF9-4940-A9D4-43E9A4F52B8C}.Release|x64.Build.0 = Release|Any CPU
		{0869C002-DBF9-4940-A9D4-43E9A4F52B8C}.Release|x86.ActiveCfg = Release|Any CPU
		{0869C002-DBF9-4940-A9D4-43E9A4F52B8C}.Release|x86.Build.0 = Release|Any CPU
		{10121D05-E59D-4DE0-B65B-0CB78850C932}.Debug|Any CPU.ActiveCfg = Debug|Any CPU
		{10121D05-E59D-4DE0-B65B-0CB78850C932}.Debug|Any CPU.Build.0 = Debug|Any CPU
		{10121D05-E59D-4DE0-B65B-0CB78850C932}.Debug|ARM.ActiveCfg = Debug|Any CPU
		{10121D05-E59D-4DE0-B65B-0CB78850C932}.Debug|ARM.Build.0 = Debug|Any CPU
		{10121D05-E59D-4DE0-B65B-0CB78850C932}.Debug|ARM64.ActiveCfg = Debug|Any CPU
		{10121D05-E59D-4DE0-B65B-0CB78850C932}.Debug|ARM64.Build.0 = Debug|Any CPU
		{10121D05-E59D-4DE0-B65B-0CB78850C932}.Debug|x64.ActiveCfg = Debug|Any CPU
		{10121D05-E59D-4DE0-B65B-0CB78850C932}.Debug|x64.Build.0 = Debug|Any CPU
		{10121D05-E59D-4DE0-B65B-0CB78850C932}.Debug|x86.ActiveCfg = Debug|Any CPU
		{10121D05-E59D-4DE0-B65B-0CB78850C932}.Debug|x86.Build.0 = Debug|Any CPU
		{10121D05-E59D-4DE0-B65B-0CB78850C932}.Release|Any CPU.ActiveCfg = Release|Any CPU
		{10121D05-E59D-4DE0-B65B-0CB78850C932}.Release|Any CPU.Build.0 = Release|Any CPU
		{10121D05-E59D-4DE0-B65B-0CB78850C932}.Release|ARM.ActiveCfg = Release|Any CPU
		{10121D05-E59D-4DE0-B65B-0CB78850C932}.Release|ARM.Build.0 = Release|Any CPU
		{10121D05-E59D-4DE0-B65B-0CB78850C932}.Release|ARM64.ActiveCfg = Release|Any CPU
		{10121D05-E59D-4DE0-B65B-0CB78850C932}.Release|ARM64.Build.0 = Release|Any CPU
		{10121D05-E59D-4DE0-B65B-0CB78850C932}.Release|x64.ActiveCfg = Release|Any CPU
		{10121D05-E59D-4DE0-B65B-0CB78850C932}.Release|x64.Build.0 = Release|Any CPU
		{10121D05-E59D-4DE0-B65B-0CB78850C932}.Release|x86.ActiveCfg = Release|Any CPU
		{10121D05-E59D-4DE0-B65B-0CB78850C932}.Release|x86.Build.0 = Release|Any CPU
	EndGlobalSection
	GlobalSection(SolutionProperties) = preSolution
		HideSolutionNode = FALSE
	EndGlobalSection
	GlobalSection(ExtensibilityGlobals) = postSolution
		SolutionGuid = {0CB49554-419C-45F0-B5EB-B36357AF2018}
	EndGlobalSection
EndGlobal
