
Microsoft Visual Studio Solution File, Format Version 12.00
# Visual Studio Version 16
VisualStudioVersion = 16.0.30523.141
MinimumVisualStudioVersion = 10.0.40219.1
Project("{9A19103F-16F7-4668-BE54-9A1E7A4F7556}") = "Camelotia.Services", "Camelotia.Services\Camelotia.Services.csproj", "{283B8F56-AB9F-4556-AB93-AAC54171841C}"
EndProject
Project("{9A19103F-16F7-4668-BE54-9A1E7A4F7556}") = "Camelotia.Presentation", "Camelotia.Presentation\Camelotia.Presentation.csproj", "{777FBFA6-ECFA-42F5-AC5F-EFC4B2D4AE6B}"
EndProject
Project("{FAE04EC0-301F-11D3-BF4B-00C04F79EFBC}") = "Camelotia.Presentation.Xamarin.Droid", "Camelotia.Presentation.Xamarin.Android\Camelotia.Presentation.Xamarin.Droid.csproj", "{24CE3C36-16B9-426D-AA0C-5961ECF8D88C}"
EndProject
Project("{9A19103F-16F7-4668-BE54-9A1E7A4F7556}") = "Camelotia.Presentation.Xamarin", "Camelotia.Presentation.Xamarin\Camelotia.Presentation.Xamarin.csproj", "{F019715C-675A-463B-AF36-58585F6FA7DF}"
EndProject
Project("{9A19103F-16F7-4668-BE54-9A1E7A4F7556}") = "Camelotia.Tests", "Camelotia.Tests\Camelotia.Tests.csproj", "{1877BFB1-4CD5-41E9-88BD-A4AA3EAD8F58}"
EndProject
Project("{9A19103F-16F7-4668-BE54-9A1E7A4F7556}") = "build", "..\build\build.csproj", "{EF420B04-F93D-4D4A-AE8C-6FFFC1334021}"
EndProject
Project("{2150E333-8FDC-42A3-9474-1A3956D46DE8}") = "Solution Items", "Solution Items", "{3465E22A-2B94-448B-BF5E-37E464BF62D5}"
	ProjectSection(SolutionItems) = preProject
		..\.editorconfig = ..\.editorconfig
		..\.gitignore = ..\.gitignore
		analyzers.ruleset = analyzers.ruleset
		Directory.build.props = Directory.build.props
		Directory.build.targets = Directory.build.targets
		global.json = global.json
		stylecop.json = stylecop.json
		..\version.json = ..\version.json
	EndProjectSection
EndProject
Global
	GlobalSection(SolutionConfigurationPlatforms) = preSolution
		Debug|Any CPU = Debug|Any CPU
		Debug|ARM = Debug|ARM
		Debug|ARM64 = Debug|ARM64
		Debug|x64 = Debug|x64
		Debug|x86 = Debug|x86
		Release|Any CPU = Release|Any CPU
		Release|ARM = Release|ARM
		Release|ARM64 = Release|ARM64
		Release|x64 = Release|x64
		Release|x86 = Release|x86
	EndGlobalSection
	GlobalSection(ProjectConfigurationPlatforms) = postSolution
		{283B8F56-AB9F-4556-AB93-AAC54171841C}.Debug|Any CPU.ActiveCfg = Debug|Any CPU
		{283B8F56-AB9F-4556-AB93-AAC54171841C}.Debug|Any CPU.Build.0 = Debug|Any CPU
		{283B8F56-AB9F-4556-AB93-AAC54171841C}.Debug|ARM.ActiveCfg = Debug|Any CPU
		{283B8F56-AB9F-4556-AB93-AAC54171841C}.Debug|ARM.Build.0 = Debug|Any CPU
		{283B8F56-AB9F-4556-AB93-AAC54171841C}.Debug|ARM64.ActiveCfg = Debug|Any CPU
		{283B8F56-AB9F-4556-AB93-AAC54171841C}.Debug|ARM64.Build.0 = Debug|Any CPU
		{283B8F56-AB9F-4556-AB93-AAC54171841C}.Debug|x64.ActiveCfg = Debug|Any CPU
		{283B8F56-AB9F-4556-AB93-AAC54171841C}.Debug|x64.Build.0 = Debug|Any CPU
		{283B8F56-AB9F-4556-AB93-AAC54171841C}.Debug|x86.ActiveCfg = Debug|Any CPU
		{283B8F56-AB9F-4556-AB93-AAC54171841C}.Debug|x86.Build.0 = Debug|Any CPU
		{283B8F56-AB9F-4556-AB93-AAC54171841C}.Release|Any CPU.ActiveCfg = Release|Any CPU
		{283B8F56-AB9F-4556-AB93-AAC54171841C}.Release|Any CPU.Build.0 = Release|Any CPU
		{283B8F56-AB9F-4556-AB93-AAC54171841C}.Release|ARM.ActiveCfg = Release|Any CPU
		{283B8F56-AB9F-4556-AB93-AAC54171841C}.Release|ARM.Build.0 = Release|Any CPU
		{283B8F56-AB9F-4556-AB93-AAC54171841C}.Release|ARM64.ActiveCfg = Release|Any CPU
		{283B8F56-AB9F-4556-AB93-AAC54171841C}.Release|ARM64.Build.0 = Release|Any CPU
		{283B8F56-AB9F-4556-AB93-AAC54171841C}.Release|x64.ActiveCfg = Release|Any CPU
		{283B8F56-AB9F-4556-AB93-AAC54171841C}.Release|x64.Build.0 = Release|Any CPU
		{283B8F56-AB9F-4556-AB93-AAC54171841C}.Release|x86.ActiveCfg = Release|Any CPU
		{283B8F56-AB9F-4556-AB93-AAC54171841C}.Release|x86.Build.0 = Release|Any CPU
		{777FBFA6-ECFA-42F5-AC5F-EFC4B2D4AE6B}.Debug|Any CPU.ActiveCfg = Debug|Any CPU
		{777FBFA6-ECFA-42F5-AC5F-EFC4B2D4AE6B}.Debug|Any CPU.Build.0 = Debug|Any CPU
		{777FBFA6-ECFA-42F5-AC5F-EFC4B2D4AE6B}.Debug|ARM.ActiveCfg = Debug|Any CPU
		{777FBFA6-ECFA-42F5-AC5F-EFC4B2D4AE6B}.Debug|ARM.Build.0 = Debug|Any CPU
		{777FBFA6-ECFA-42F5-AC5F-EFC4B2D4AE6B}.Debug|ARM64.ActiveCfg = Debug|Any CPU
		{777FBFA6-ECFA-42F5-AC5F-EFC4B2D4AE6B}.Debug|ARM64.Build.0 = Debug|Any CPU
		{777FBFA6-ECFA-42F5-AC5F-EFC4B2D4AE6B}.Debug|x64.ActiveCfg = Debug|Any CPU
		{777FBFA6-ECFA-42F5-AC5F-EFC4B2D4AE6B}.Debug|x64.Build.0 = Debug|Any CPU
		{777FBFA6-ECFA-42F5-AC5F-EFC4B2D4AE6B}.Debug|x86.ActiveCfg = Debug|Any CPU
		{777FBFA6-ECFA-42F5-AC5F-EFC4B2D4AE6B}.Debug|x86.Build.0 = Debug|Any CPU
		{777FBFA6-ECFA-42F5-AC5F-EFC4B2D4AE6B}.Release|Any CPU.ActiveCfg = Release|Any CPU
		{777FBFA6-ECFA-42F5-AC5F-EFC4B2D4AE6B}.Release|Any CPU.Build.0 = Release|Any CPU
		{777FBFA6-ECFA-42F5-AC5F-EFC4B2D4AE6B}.Release|ARM.ActiveCfg = Release|Any CPU
		{777FBFA6-ECFA-42F5-AC5F-EFC4B2D4AE6B}.Release|ARM.Build.0 = Release|Any CPU
		{777FBFA6-ECFA-42F5-AC5F-EFC4B2D4AE6B}.Release|ARM64.ActiveCfg = Release|Any CPU
		{777FBFA6-ECFA-42F5-AC5F-EFC4B2D4AE6B}.Release|ARM64.Build.0 = Release|Any CPU
		{777FBFA6-ECFA-42F5-AC5F-EFC4B2D4AE6B}.Release|x64.ActiveCfg = Release|Any CPU
		{777FBFA6-ECFA-42F5-AC5F-EFC4B2D4AE6B}.Release|x64.Build.0 = Release|Any CPU
		{777FBFA6-ECFA-42F5-AC5F-EFC4B2D4AE6B}.Release|x86.ActiveCfg = Release|Any CPU
		{777FBFA6-ECFA-42F5-AC5F-EFC4B2D4AE6B}.Release|x86.Build.0 = Release|Any CPU
		{24CE3C36-16B9-426D-AA0C-5961ECF8D88C}.Debug|Any CPU.ActiveCfg = Debug|Any CPU
		{24CE3C36-16B9-426D-AA0C-5961ECF8D88C}.Debug|Any CPU.Build.0 = Debug|Any CPU
		{24CE3C36-16B9-426D-AA0C-5961ECF8D88C}.Debug|Any CPU.Deploy.0 = Debug|Any CPU
		{24CE3C36-16B9-426D-AA0C-5961ECF8D88C}.Debug|ARM.ActiveCfg = Debug|Any CPU
		{24CE3C36-16B9-426D-AA0C-5961ECF8D88C}.Debug|ARM.Build.0 = Debug|Any CPU
		{24CE3C36-16B9-426D-AA0C-5961ECF8D88C}.Debug|ARM.Deploy.0 = Debug|Any CPU
		{24CE3C36-16B9-426D-AA0C-5961ECF8D88C}.Debug|ARM64.ActiveCfg = Debug|Any CPU
		{24CE3C36-16B9-426D-AA0C-5961ECF8D88C}.Debug|ARM64.Build.0 = Debug|Any CPU
		{24CE3C36-16B9-426D-AA0C-5961ECF8D88C}.Debug|ARM64.Deploy.0 = Debug|Any CPU
		{24CE3C36-16B9-426D-AA0C-5961ECF8D88C}.Debug|x64.ActiveCfg = Debug|Any CPU
		{24CE3C36-16B9-426D-AA0C-5961ECF8D88C}.Debug|x64.Build.0 = Debug|Any CPU
		{24CE3C36-16B9-426D-AA0C-5961ECF8D88C}.Debug|x64.Deploy.0 = Debug|Any CPU
		{24CE3C36-16B9-426D-AA0C-5961ECF8D88C}.Debug|x86.ActiveCfg = Debug|Any CPU
		{24CE3C36-16B9-426D-AA0C-5961ECF8D88C}.Debug|x86.Build.0 = Debug|Any CPU
		{24CE3C36-16B9-426D-AA0C-5961ECF8D88C}.Debug|x86.Deploy.0 = Debug|Any CPU
		{24CE3C36-16B9-426D-AA0C-5961ECF8D88C}.Release|Any CPU.ActiveCfg = Release|Any CPU
		{24CE3C36-16B9-426D-AA0C-5961ECF8D88C}.Release|Any CPU.Build.0 = Release|Any CPU
		{24CE3C36-16B9-426D-AA0C-5961ECF8D88C}.Release|Any CPU.Deploy.0 = Release|Any CPU
		{24CE3C36-16B9-426D-AA0C-5961ECF8D88C}.Release|ARM.ActiveCfg = Release|Any CPU
		{24CE3C36-16B9-426D-AA0C-5961ECF8D88C}.Release|ARM.Build.0 = Release|Any CPU
		{24CE3C36-16B9-426D-AA0C-5961ECF8D88C}.Release|ARM.Deploy.0 = Release|Any CPU
		{24CE3C36-16B9-426D-AA0C-5961ECF8D88C}.Release|ARM64.ActiveCfg = Release|Any CPU
		{24CE3C36-16B9-426D-AA0C-5961ECF8D88C}.Release|ARM64.Build.0 = Release|Any CPU
		{24CE3C36-16B9-426D-AA0C-5961ECF8D88C}.Release|ARM64.Deploy.0 = Release|Any CPU
		{24CE3C36-16B9-426D-AA0C-5961ECF8D88C}.Release|x64.ActiveCfg = Release|Any CPU
		{24CE3C36-16B9-426D-AA0C-5961ECF8D88C}.Release|x64.Build.0 = Release|Any CPU
		{24CE3C36-16B9-426D-AA0C-5961ECF8D88C}.Release|x64.Deploy.0 = Release|Any CPU
		{24CE3C36-16B9-426D-AA0C-5961ECF8D88C}.Release|x86.ActiveCfg = Release|Any CPU
		{24CE3C36-16B9-426D-AA0C-5961ECF8D88C}.Release|x86.Build.0 = Release|Any CPU
		{24CE3C36-16B9-426D-AA0C-5961ECF8D88C}.Release|x86.Deploy.0 = Release|Any CPU
		{F019715C-675A-463B-AF36-58585F6FA7DF}.Debug|Any CPU.ActiveCfg = Debug|Any CPU
		{F019715C-675A-463B-AF36-58585F6FA7DF}.Debug|Any CPU.Build.0 = Debug|Any CPU
		{F019715C-675A-463B-AF36-58585F6FA7DF}.Debug|ARM.ActiveCfg = Debug|Any CPU
		{F019715C-675A-463B-AF36-58585F6FA7DF}.Debug|ARM.Build.0 = Debug|Any CPU
		{F019715C-675A-463B-AF36-58585F6FA7DF}.Debug|ARM64.ActiveCfg = Debug|Any CPU
		{F019715C-675A-463B-AF36-58585F6FA7DF}.Debug|ARM64.Build.0 = Debug|Any CPU
		{F019715C-675A-463B-AF36-58585F6FA7DF}.Debug|x64.ActiveCfg = Debug|Any CPU
		{F019715C-675A-463B-AF36-58585F6FA7DF}.Debug|x64.Build.0 = Debug|Any CPU
		{F019715C-675A-463B-AF36-58585F6FA7DF}.Debug|x86.ActiveCfg = Debug|Any CPU
		{F019715C-675A-463B-AF36-58585F6FA7DF}.Debug|x86.Build.0 = Debug|Any CPU
		{F019715C-675A-463B-AF36-58585F6FA7DF}.Release|Any CPU.ActiveCfg = Release|Any CPU
		{F019715C-675A-463B-AF36-58585F6FA7DF}.Release|Any CPU.Build.0 = Release|Any CPU
		{F019715C-675A-463B-AF36-58585F6FA7DF}.Release|ARM.ActiveCfg = Release|Any CPU
		{F019715C-675A-463B-AF36-58585F6FA7DF}.Release|ARM.Build.0 = Release|Any CPU
		{F019715C-675A-463B-AF36-58585F6FA7DF}.Release|ARM64.ActiveCfg = Release|Any CPU
		{F019715C-675A-463B-AF36-58585F6FA7DF}.Release|ARM64.Build.0 = Release|Any CPU
		{F019715C-675A-463B-AF36-58585F6FA7DF}.Release|x64.ActiveCfg = Release|Any CPU
		{F019715C-675A-463B-AF36-58585F6FA7DF}.Release|x64.Build.0 = Release|Any CPU
		{F019715C-675A-463B-AF36-58585F6FA7DF}.Release|x86.ActiveCfg = Release|Any CPU
		{F019715C-675A-463B-AF36-58585F6FA7DF}.Release|x86.Build.0 = Release|Any CPU
		{1877BFB1-4CD5-41E9-88BD-A4AA3EAD8F58}.Debug|Any CPU.ActiveCfg = Debug|Any CPU
		{1877BFB1-4CD5-41E9-88BD-A4AA3EAD8F58}.Debug|Any CPU.Build.0 = Debug|Any CPU
		{1877BFB1-4CD5-41E9-88BD-A4AA3EAD8F58}.Debug|ARM.ActiveCfg = Debug|Any CPU
		{1877BFB1-4CD5-41E9-88BD-A4AA3EAD8F58}.Debug|ARM.Build.0 = Debug|Any CPU
		{1877BFB1-4CD5-41E9-88BD-A4AA3EAD8F58}.Debug|ARM64.ActiveCfg = Debug|Any CPU
		{1877BFB1-4CD5-41E9-88BD-A4AA3EAD8F58}.Debug|ARM64.Build.0 = Debug|Any CPU
		{1877BFB1-4CD5-41E9-88BD-A4AA3EAD8F58}.Debug|x64.ActiveCfg = Debug|Any CPU
		{1877BFB1-4CD5-41E9-88BD-A4AA3EAD8F58}.Debug|x64.Build.0 = Debug|Any CPU
		{1877BFB1-4CD5-41E9-88BD-A4AA3EAD8F58}.Debug|x86.ActiveCfg = Debug|Any CPU
		{1877BFB1-4CD5-41E9-88BD-A4AA3EAD8F58}.Debug|x86.Build.0 = Debug|Any CPU
		{1877BFB1-4CD5-41E9-88BD-A4AA3EAD8F58}.Release|Any CPU.ActiveCfg = Release|Any CPU
		{1877BFB1-4CD5-41E9-88BD-A4AA3EAD8F58}.Release|Any CPU.Build.0 = Release|Any CPU
		{1877BFB1-4CD5-41E9-88BD-A4AA3EAD8F58}.Release|ARM.ActiveCfg = Release|Any CPU
		{1877BFB1-4CD5-41E9-88BD-A4AA3EAD8F58}.Release|ARM.Build.0 = Release|Any CPU
		{1877BFB1-4CD5-41E9-88BD-A4AA3EAD8F58}.Release|ARM64.ActiveCfg = Release|Any CPU
		{1877BFB1-4CD5-41E9-88BD-A4AA3EAD8F58}.Release|ARM64.Build.0 = Release|Any CPU
		{1877BFB1-4CD5-41E9-88BD-A4AA3EAD8F58}.Release|x64.ActiveCfg = Release|Any CPU
		{1877BFB1-4CD5-41E9-88BD-A4AA3EAD8F58}.Release|x64.Build.0 = Release|Any CPU
		{1877BFB1-4CD5-41E9-88BD-A4AA3EAD8F58}.Release|x86.ActiveCfg = Release|Any CPU
		{1877BFB1-4CD5-41E9-88BD-A4AA3EAD8F58}.Release|x86.Build.0 = Release|Any CPU
		{EF420B04-F93D-4D4A-AE8C-6FFFC1334021}.Debug|Any CPU.ActiveCfg = Debug|Any CPU
		{EF420B04-F93D-4D4A-AE8C-6FFFC1334021}.Debug|Any CPU.Build.0 = Debug|Any CPU
		{EF420B04-F93D-4D4A-AE8C-6FFFC1334021}.Debug|ARM.ActiveCfg = Debug|Any CPU
		{EF420B04-F93D-4D4A-AE8C-6FFFC1334021}.Debug|ARM.Build.0 = Debug|Any CPU
		{EF420B04-F93D-4D4A-AE8C-6FFFC1334021}.Debug|ARM64.ActiveCfg = Debug|Any CPU
		{EF420B04-F93D-4D4A-AE8C-6FFFC1334021}.Debug|ARM64.Build.0 = Debug|Any CPU
		{EF420B04-F93D-4D4A-AE8C-6FFFC1334021}.Debug|x64.ActiveCfg = Debug|Any CPU
		{EF420B04-F93D-4D4A-AE8C-6FFFC1334021}.Debug|x64.Build.0 = Debug|Any CPU
		{EF420B04-F93D-4D4A-AE8C-6FFFC1334021}.Debug|x86.ActiveCfg = Debug|Any CPU
		{EF420B04-F93D-4D4A-AE8C-6FFFC1334021}.Debug|x86.Build.0 = Debug|Any CPU
		{EF420B04-F93D-4D4A-AE8C-6FFFC1334021}.Release|Any CPU.ActiveCfg = Release|Any CPU
		{EF420B04-F93D-4D4A-AE8C-6FFFC1334021}.Release|Any CPU.Build.0 = Release|Any CPU
		{EF420B04-F93D-4D4A-AE8C-6FFFC1334021}.Release|ARM.ActiveCfg = Release|Any CPU
		{EF420B04-F93D-4D4A-AE8C-6FFFC1334021}.Release|ARM.Build.0 = Release|Any CPU
		{EF420B04-F93D-4D4A-AE8C-6FFFC1334021}.Release|ARM64.ActiveCfg = Release|Any CPU
		{EF420B04-F93D-4D4A-AE8C-6FFFC1334021}.Release|ARM64.Build.0 = Release|Any CPU
		{EF420B04-F93D-4D4A-AE8C-6FFFC1334021}.Release|x64.ActiveCfg = Release|Any CPU
		{EF420B04-F93D-4D4A-AE8C-6FFFC1334021}.Release|x64.Build.0 = Release|Any CPU
		{EF420B04-F93D-4D4A-AE8C-6FFFC1334021}.Release|x86.ActiveCfg = Release|Any CPU
		{EF420B04-F93D-4D4A-AE8C-6FFFC1334021}.Release|x86.Build.0 = Release|Any CPU
	EndGlobalSection
	GlobalSection(SolutionProperties) = preSolution
		HideSolutionNode = FALSE
	EndGlobalSection
	GlobalSection(ExtensibilityGlobals) = postSolution
		SolutionGuid = {0CB49554-419C-45F0-B5EB-B36357AF2018}
	EndGlobalSection
EndGlobal
